
Microsoft Visual Studio Solution File, Format Version 12.00
# Visual Studio Version 16
VisualStudioVersion = 16.0.31424.327
MinimumVisualStudioVersion = 10.0.40219.1
Project("{FAE04EC0-301F-11D3-BF4B-00C04F79EFBC}") = "TakeHomeAssignment-jc", "TakeHomeAssignment-jc.csproj", "{37B9C050-CF2A-4647-9128-9BF13B98014E}"
EndProject
Global
	GlobalSection(SolutionConfigurationPlatforms) = preSolution
		Debug|Any CPU = Debug|Any CPU
		Release|Any CPU = Release|Any CPU
	EndGlobalSection
	GlobalSection(ProjectConfigurationPlatforms) = postSolution
		{37B9C050-CF2A-4647-9128-9BF13B98014E}.Debug|Any CPU.ActiveCfg = Debug|Any CPU
		{37B9C050-CF2A-4647-9128-9BF13B98014E}.Debug|Any CPU.Build.0 = Debug|Any CPU
		{37B9C050-CF2A-4647-9128-9BF13B98014E}.Release|Any CPU.ActiveCfg = Release|Any CPU
		{37B9C050-CF2A-4647-9128-9BF13B98014E}.Release|Any CPU.Build.0 = Release|Any CPU
	EndGlobalSection
	GlobalSection(SolutionProperties) = preSolution
		HideSolutionNode = FALSE
	EndGlobalSection
	GlobalSection(ExtensibilityGlobals) = postSolution
		SolutionGuid = {680F2F97-8983-46F0-AE5C-9CC4EE50696A}
	EndGlobalSection
EndGlobal
